# This file is autogenerated, do not edit; changes may be undone by the next 'dep ensure'.


[[projects]]
  branch = "master"
  name = "9fans.net/go"
  packages = ["acme","plan9","plan9/client"]
  revision = "f3da003977a315afefd8b0085cc48356fd2308a3"

[[projects]]
  name = "github.com/gorilla/websocket"
  packages = ["."]
  revision = "ea4d1f681babbce9545c9c5f3d5194a789c89f5b"
  version = "v1.2.0"

[solve-meta]
  analyzer-name = "dep"
  analyzer-version = 1
  inputs-digest = "1d6cfe49f0cffc3927e804d99324e34a20a760f09ac75c2910e91ab803b999b3"
  solver-name = "gps-cdcl"
  solver-version = 1
